
Microsoft Visual Studio Solution File, Format Version 12.00
# Visual Studio Version 17
VisualStudioVersion = 17.0.31903.59
MinimumVisualStudioVersion = 10.0.40219.1
Project("{2150E333-8FDC-42A3-9474-1A3956D46DE8}") = "src", "src", "{827E0CD3-B72D-47B6-A68D-7590B98EB39B}"
EndProject
Project("{FAE04EC0-301F-11D3-BF4B-00C04F79EFBC}") = "DocuStore.Api", "src\DocuStore.Api\DocuStore.Api.csproj", "{EBC2FF8C-8795-419D-AACD-F16047F839A1}"
EndProject
Project("{FAE04EC0-301F-11D3-BF4B-00C04F79EFBC}") = "DocuStore.Application", "src\DocuStore.Application\DocuStore.Application.csproj", "{4962CDDF-2D6A-46B5-A374-8E1054E5A959}"
EndProject
Project("{FAE04EC0-301F-11D3-BF4B-00C04F79EFBC}") = "DocuStore.Domain", "src\DocuStore.Domain\DocuStore.Domain.csproj", "{7C0ADCCF-428B-4DCA-86D8-CE08A1A6016C}"
EndProject
Project("{FAE04EC0-301F-11D3-BF4B-00C04F79EFBC}") = "DocuStore.Infrastructure", "src\DocuStore.Infrastructure\DocuStore.Infrastructure.csproj", "{E8A637B7-FBD0-4E03-9148-BF213086ED4D}"
EndProject
Project("{2150E333-8FDC-42A3-9474-1A3956D46DE8}") = "tests", "tests", "{0AB3BF05-4346-4AA6-1389-037BE0695223}"
EndProject
Project("{FAE04EC0-301F-11D3-BF4B-00C04F79EFBC}") = "DocuStore.UnitTests", "tests\DocuStore.UnitTests\DocuStore.UnitTests.csproj", "{F4A9AF6C-4993-4EF3-B730-1D2ED3FF2A5D}"
EndProject
Project("{FAE04EC0-301F-11D3-BF4B-00C04F79EFBC}") = "DocuStore.IntegrationTests", "tests\DocuStore.IntegrationTests\DocuStore.IntegrationTests.csproj", "{4747FA46-6E2C-4807-B249-BE6D83FAA7E5}"
EndProject
Global
	GlobalSection(SolutionConfigurationPlatforms) = preSolution
		Debug|Any CPU = Debug|Any CPU
		Debug|x64 = Debug|x64
		Debug|x86 = Debug|x86
		Release|Any CPU = Release|Any CPU
		Release|x64 = Release|x64
		Release|x86 = Release|x86
	EndGlobalSection
	GlobalSection(ProjectConfigurationPlatforms) = postSolution
		{EBC2FF8C-8795-419D-AACD-F16047F839A1}.Debug|Any CPU.ActiveCfg = Debug|Any CPU
		{EBC2FF8C-8795-419D-AACD-F16047F839A1}.Debug|Any CPU.Build.0 = Debug|Any CPU
		{EBC2FF8C-8795-419D-AACD-F16047F839A1}.Debug|x64.ActiveCfg = Debug|Any CPU
		{EBC2FF8C-8795-419D-AACD-F16047F839A1}.Debug|x64.Build.0 = Debug|Any CPU
		{EBC2FF8C-8795-419D-AACD-F16047F839A1}.Debug|x86.ActiveCfg = Debug|Any CPU
		{EBC2FF8C-8795-419D-AACD-F16047F839A1}.Debug|x86.Build.0 = Debug|Any CPU
		{EBC2FF8C-8795-419D-AACD-F16047F839A1}.Release|Any CPU.ActiveCfg = Release|Any CPU
		{EBC2FF8C-8795-419D-AACD-F16047F839A1}.Release|Any CPU.Build.0 = Release|Any CPU
		{EBC2FF8C-8795-419D-AACD-F16047F839A1}.Release|x64.ActiveCfg = Release|Any CPU
		{EBC2FF8C-8795-419D-AACD-F16047F839A1}.Release|x64.Build.0 = Release|Any CPU
		{EBC2FF8C-8795-419D-AACD-F16047F839A1}.Release|x86.ActiveCfg = Release|Any CPU
		{EBC2FF8C-8795-419D-AACD-F16047F839A1}.Release|x86.Build.0 = Release|Any CPU
		{4962CDDF-2D6A-46B5-A374-8E1054E5A959}.Debug|Any CPU.ActiveCfg = Debug|Any CPU
		{4962CDDF-2D6A-46B5-A374-8E1054E5A959}.Debug|Any CPU.Build.0 = Debug|Any CPU
		{4962CDDF-2D6A-46B5-A374-8E1054E5A959}.Debug|x64.ActiveCfg = Debug|Any CPU
		{4962CDDF-2D6A-46B5-A374-8E1054E5A959}.Debug|x64.Build.0 = Debug|Any CPU
		{4962CDDF-2D6A-46B5-A374-8E1054E5A959}.Debug|x86.ActiveCfg = Debug|Any CPU
		{4962CDDF-2D6A-46B5-A374-8E1054E5A959}.Debug|x86.Build.0 = Debug|Any CPU
		{4962CDDF-2D6A-46B5-A374-8E1054E5A959}.Release|Any CPU.ActiveCfg = Release|Any CPU
		{4962CDDF-2D6A-46B5-A374-8E1054E5A959}.Release|Any CPU.Build.0 = Release|Any CPU
		{4962CDDF-2D6A-46B5-A374-8E1054E5A959}.Release|x64.ActiveCfg = Release|Any CPU
		{4962CDDF-2D6A-46B5-A374-8E1054E5A959}.Release|x64.Build.0 = Release|Any CPU
		{4962CDDF-2D6A-46B5-A374-8E1054E5A959}.Release|x86.ActiveCfg = Release|Any CPU
		{4962CDDF-2D6A-46B5-A374-8E1054E5A959}.Release|x86.Build.0 = Release|Any CPU
		{7C0ADCCF-428B-4DCA-86D8-CE08A1A6016C}.Debug|Any CPU.ActiveCfg = Debug|Any CPU
		{7C0ADCCF-428B-4DCA-86D8-CE08A1A6016C}.Debug|Any CPU.Build.0 = Debug|Any CPU
		{7C0ADCCF-428B-4DCA-86D8-CE08A1A6016C}.Debug|x64.ActiveCfg = Debug|Any CPU
		{7C0ADCCF-428B-4DCA-86D8-CE08A1A6016C}.Debug|x64.Build.0 = Debug|Any CPU
		{7C0ADCCF-428B-4DCA-86D8-CE08A1A6016C}.Debug|x86.ActiveCfg = Debug|Any CPU
		{7C0ADCCF-428B-4DCA-86D8-CE08A1A6016C}.Debug|x86.Build.0 = Debug|Any CPU
		{7C0ADCCF-428B-4DCA-86D8-CE08A1A6016C}.Release|Any CPU.ActiveCfg = Release|Any CPU
		{7C0ADCCF-428B-4DCA-86D8-CE08A1A6016C}.Release|Any CPU.Build.0 = Release|Any CPU
		{7C0ADCCF-428B-4DCA-86D8-CE08A1A6016C}.Release|x64.ActiveCfg = Release|Any CPU
		{7C0ADCCF-428B-4DCA-86D8-CE08A1A6016C}.Release|x64.Build.0 = Release|Any CPU
		{7C0ADCCF-428B-4DCA-86D8-CE08A1A6016C}.Release|x86.ActiveCfg = Release|Any CPU
		{7C0ADCCF-428B-4DCA-86D8-CE08A1A6016C}.Release|x86.Build.0 = Release|Any CPU
		{E8A637B7-FBD0-4E03-9148-BF213086ED4D}.Debug|Any CPU.ActiveCfg = Debug|Any CPU
		{E8A637B7-FBD0-4E03-9148-BF213086ED4D}.Debug|Any CPU.Build.0 = Debug|Any CPU
		{E8A637B7-FBD0-4E03-9148-BF213086ED4D}.Debug|x64.ActiveCfg = Debug|Any CPU
		{E8A637B7-FBD0-4E03-9148-BF213086ED4D}.Debug|x64.Build.0 = Debug|Any CPU
		{E8A637B7-FBD0-4E03-9148-BF213086ED4D}.Debug|x86.ActiveCfg = Debug|Any CPU
		{E8A637B7-FBD0-4E03-9148-BF213086ED4D}.Debug|x86.Build.0 = Debug|Any CPU
		{E8A637B7-FBD0-4E03-9148-BF213086ED4D}.Release|Any CPU.ActiveCfg = Release|Any CPU
		{E8A637B7-FBD0-4E03-9148-BF213086ED4D}.Release|Any CPU.Build.0 = Release|Any CPU
		{E8A637B7-FBD0-4E03-9148-BF213086ED4D}.Release|x64.ActiveCfg = Release|Any CPU
		{E8A637B7-FBD0-4E03-9148-BF213086ED4D}.Release|x64.Build.0 = Release|Any CPU
		{E8A637B7-FBD0-4E03-9148-BF213086ED4D}.Release|x86.ActiveCfg = Release|Any CPU
		{E8A637B7-FBD0-4E03-9148-BF213086ED4D}.Release|x86.Build.0 = Release|Any CPU
		{F4A9AF6C-4993-4EF3-B730-1D2ED3FF2A5D}.Debug|Any CPU.ActiveCfg = Debug|Any CPU
		{F4A9AF6C-4993-4EF3-B730-1D2ED3FF2A5D}.Debug|Any CPU.Build.0 = Debug|Any CPU
		{F4A9AF6C-4993-4EF3-B730-1D2ED3FF2A5D}.Debug|x64.ActiveCfg = Debug|Any CPU
		{F4A9AF6C-4993-4EF3-B730-1D2ED3FF2A5D}.Debug|x64.Build.0 = Debug|Any CPU
		{F4A9AF6C-4993-4EF3-B730-1D2ED3FF2A5D}.Debug|x86.ActiveCfg = Debug|Any CPU
		{F4A9AF6C-4993-4EF3-B730-1D2ED3FF2A5D}.Debug|x86.Build.0 = Debug|Any CPU
		{F4A9AF6C-4993-4EF3-B730-1D2ED3FF2A5D}.Release|Any CPU.ActiveCfg = Release|Any CPU
		{F4A9AF6C-4993-4EF3-B730-1D2ED3FF2A5D}.Release|Any CPU.Build.0 = Release|Any CPU
		{F4A9AF6C-4993-4EF3-B730-1D2ED3FF2A5D}.Release|x64.ActiveCfg = Release|Any CPU
		{F4A9AF6C-4993-4EF3-B730-1D2ED3FF2A5D}.Release|x64.Build.0 = Release|Any CPU
		{F4A9AF6C-4993-4EF3-B730-1D2ED3FF2A5D}.Release|x86.ActiveCfg = Release|Any CPU
		{F4A9AF6C-4993-4EF3-B730-1D2ED3FF2A5D}.Release|x86.Build.0 = Release|Any CPU
		{4747FA46-6E2C-4807-B249-BE6D83FAA7E5}.Debug|Any CPU.ActiveCfg = Debug|Any CPU
		{4747FA46-6E2C-4807-B249-BE6D83FAA7E5}.Debug|Any CPU.Build.0 = Debug|Any CPU
		{4747FA46-6E2C-4807-B249-BE6D83FAA7E5}.Debug|x64.ActiveCfg = Debug|Any CPU
		{4747FA46-6E2C-4807-B249-BE6D83FAA7E5}.Debug|x64.Build.0 = Debug|Any CPU
		{4747FA46-6E2C-4807-B249-BE6D83FAA7E5}.Debug|x86.ActiveCfg = Debug|Any CPU
		{4747FA46-6E2C-4807-B249-BE6D83FAA7E5}.Debug|x86.Build.0 = Debug|Any CPU
		{4747FA46-6E2C-4807-B249-BE6D83FAA7E5}.Release|Any CPU.ActiveCfg = Release|Any CPU
		{4747FA46-6E2C-4807-B249-BE6D83FAA7E5}.Release|Any CPU.Build.0 = Release|Any CPU
		{4747FA46-6E2C-4807-B249-BE6D83FAA7E5}.Release|x64.ActiveCfg = Release|Any CPU
		{4747FA46-6E2C-4807-B249-BE6D83FAA7E5}.Release|x64.Build.0 = Release|Any CPU
		{4747FA46-6E2C-4807-B249-BE6D83FAA7E5}.Release|x86.ActiveCfg = Release|Any CPU
		{4747FA46-6E2C-4807-B249-BE6D83FAA7E5}.Release|x86.Build.0 = Release|Any CPU
	EndGlobalSection
	GlobalSection(SolutionProperties) = preSolution
		HideSolutionNode = FALSE
	EndGlobalSection
	GlobalSection(NestedProjects) = preSolution
		{EBC2FF8C-8795-419D-AACD-F16047F839A1} = {827E0CD3-B72D-47B6-A68D-7590B98EB39B}
		{4962CDDF-2D6A-46B5-A374-8E1054E5A959} = {827E0CD3-B72D-47B6-A68D-7590B98EB39B}
		{7C0ADCCF-428B-4DCA-86D8-CE08A1A6016C} = {827E0CD3-B72D-47B6-A68D-7590B98EB39B}
		{E8A637B7-FBD0-4E03-9148-BF213086ED4D} = {827E0CD3-B72D-47B6-A68D-7590B98EB39B}
		{F4A9AF6C-4993-4EF3-B730-1D2ED3FF2A5D} = {0AB3BF05-4346-4AA6-1389-037BE0695223}
		{4747FA46-6E2C-4807-B249-BE6D83FAA7E5} = {0AB3BF05-4346-4AA6-1389-037BE0695223}
	EndGlobalSection
EndGlobal
